<?xml version="1.0" encoding="utf-8"?>
<Project ToolsVersion="4.0" xmlns="http://schemas.microsoft.com/developer/msbuild/2003">
  <ItemGroup>
    <Filter Include="Source Files">
      <UniqueIdentifier>{4FC737F1-C7A5-4376-A066-2A32D752A2FF}</UniqueIdentifier>
      <Extensions>cpp;c;cc;cxx;def;odl;idl;hpj;bat;asm;asmx</Extensions>
    </Filter>
    <Filter Include="Header Files">
      <UniqueIdentifier>{93995380-89BD-4b04-88EB-625FBE52EBFB}</UniqueIdentifier>
      <Extensions>h;hpp;hxx;hm;inl;inc;xsd</Extensions>
    </Filter>
    <Filter Include="Resource Files">
      <UniqueIdentifier>{67DA6AB6-F800-4c08-8B7A-83BB121AAD01}</UniqueIdentifier>
      <Extensions>rc;ico;cur;bmp;dlg;rc2;rct;bin;rgs;gif;jpg;jpeg;jpe;resx;tiff;tif;png;wav</Extensions>
    </Filter>
    <Filter Include="My Inspector Results">
      <UniqueIdentifier>{70621cb8-cebb-44d9-83a0-471084f1debf}</UniqueIdentifier>
    </Filter>
  </ItemGroup>
  <ItemGroup>
    <ClCompile Include="DecodeH264threadClass.cpp">
      <Filter>Source Files</Filter>
    </ClCompile>
    <ClCompile Include="dllmain.cpp">
      <Filter>Source Files</Filter>
    </ClCompile>
    <ClCompile Include="playH264ThreadDLL.cpp">
      <Filter>Source Files</Filter>
    </ClCompile>
    <ClCompile Include="stdafx.cpp">
      <Filter>Source Files</Filter>
    </ClCompile>
    <ClCompile Include="Gunit.cpp">
      <Filter>Source Files</Filter>
    </ClCompile>
    <ClCompile Include="dxva2api.cpp">
      <Filter>Source Files</Filter>
    </ClCompile>
    <ClCompile Include="va.cpp">
      <Filter>Source Files</Filter>
    </ClCompile>
  </ItemGroup>
  <ItemGroup>
    <None Include="playH264ThreadDLL.def">
      <Filter>Source Files</Filter>
    </None>
    <None Include="My Inspector Results\r000mi1\r000mi1.insp">
      <Filter>My Inspector Results</Filter>
    </None>
    <None Include="My Inspector Results\r001mi1\r001mi1.insp">
      <Filter>My Inspector Results</Filter>
    </None>
    <None Include="My Inspector Results\r002mi1\r002mi1.insp">
      <Filter>My Inspector Results</Filter>
    </None>
    <None Include="My Inspector Results\r003mi1\r003mi1.insp">
      <Filter>My Inspector Results</Filter>
    </None>
    <None Include="My Inspector Results\r004mi1\r004mi1.insp">
      <Filter>My Inspector Results</Filter>
    </None>
    <None Include="My Inspector Results\r005mi1\r005mi1.insp">
      <Filter>My Inspector Results</Filter>
    </None>
    <None Include="My Inspector Results\r006mi1\r006mi1.insp">
      <Filter>My Inspector Results</Filter>
    </None>
    <None Include="My Inspector Results\r007mi1\r007mi1.insp">
      <Filter>My Inspector Results</Filter>
    </None>
    <None Include="My Inspector Results\r008mi1\r008mi1.insp">
      <Filter>My Inspector Results</Filter>
    </None>
    <None Include="My Inspector Results\r009mi1\r009mi1.insp">
      <Filter>My Inspector Results</Filter>
    </None>
    <None Include="My Inspector Results\r010mi1\r010mi1.insp">
      <Filter>My Inspector Results</Filter>
    </None>
    <None Include="My Inspector Results\r011mi1\r011mi1.insp">
      <Filter>My Inspector Results</Filter>
    </None>
    <None Include="My Inspector Results\r012mi1\r012mi1.insp">
      <Filter>My Inspector Results</Filter>
    </None>
    <None Include="My Inspector Results\r013mi1\r013mi1.insp">
      <Filter>My Inspector Results</Filter>
    </None>
  </ItemGroup>
  <ItemGroup>
    <ClInclude Include="DecodeH264threadClass.h">
      <Filter>Header Files</Filter>
    </ClInclude>
    <ClInclude Include="stdafx.h">
      <Filter>Header Files</Filter>
    </ClInclude>
    <ClInclude Include="targetver.h">
      <Filter>Header Files</Filter>
    </ClInclude>
    <ClInclude Include="Gunit.h">
      <Filter>Header Files</Filter>
    </ClInclude>
    <ClInclude Include="va.h">
      <Filter>Header Files</Filter>
    </ClInclude>
    <ClInclude Include="dxva2api.h">
      <Filter>Header Files</Filter>
    </ClInclude>
  </ItemGroup>
  <ItemGroup>
    <Text Include="ReadMe.txt" />
  </ItemGroup>
</Project>